{
    "name": "squatnotes-site",
    "version": "1.0.0",
    "lockfileVersion": 2,
    "requires": true,
    "packages": {
        "": {
            "name": "squatnotes-site",
            "version": "1.0.0",
            "devDependencies": {
                "squatnotes-style": "file:..//SquatNotes-Style"
            }
        },
        "../SquatNotes-Style": {
            "name": "squatnotes-style",
            "version": "1.0.0",
            "dev": true,
            "devDependencies": {
                "sass": "^1.54.4"
            }
        },
        "node_modules/squatnotes-style": {
            "resolved": "../SquatNotes-Style",
            "link": true
        }
    },
    "dependencies": {
        "squatnotes-style": {
            "version": "file:../SquatNotes-Style",
            "requires": {
                "sass": "^1.54.4"
            }
        }
    }
}
